{
  "name": "wui-desktop",
  "version": "1.0.0",
  "lockfileVersion": 1,
  "requires": true,
  "dependencies": {
    "async-validator": {
      "version": "1.8.5",
      "resolved": "https://registry.npmmirror.com/async-validator/download/async-validator-1.8.5.tgz?cache=0&sync_timestamp=1634529502627&other_urls=https%3A%2F%2Fregistry.npmmirror.com%2Fasync-validator%2Fdownload%2Fasync-validator-1.8.5.tgz",
      "integrity": "sha1-3D4I7B/Q3dtn5ghC8CwM0c7G1/A=",
      "requires": {
        "babel-runtime": "6.x"
      }
    },
    "babel-helper-vue-jsx-merge-props": {
      "version": "2.0.3",
      "resolved": "https://registry.nlark.com/babel-helper-vue-jsx-merge-props/download/babel-helper-vue-jsx-merge-props-2.0.3.tgz",
      "integrity": "sha1-Iq69OzOQIyjlEyk6jkmSs4T58bY="
    },
    "babel-runtime": {
      "version": "6.26.0",
      "resolved": "https://registry.nlark.com/babel-runtime/download/babel-runtime-6.26.0.tgz?cache=0&sync_timestamp=1622604548583&other_urls=https%3A%2F%2Fregistry.nlark.com%2Fbabel-runtime%2Fdownload%2Fbabel-runtime-6.26.0.tgz",
      "integrity": "sha1-llxwWGaOgrVde/4E/yM3vItWR/4=",
      "requires": {
        "core-js": "^2.4.0",
        "regenerator-runtime": "^0.11.0"
      }
    },
    "core-js": {
      "version": "2.6.12",
      "resolved": "https://registry.npmmirror.com/core-js/download/core-js-2.6.12.tgz",
      "integrity": "sha1-2TM9+nsGXjR8xWgiGdb2kIWcwuw="
    },
    "deepmerge": {
      "version": "1.5.2",
      "resolved": "https://registry.nlark.com/deepmerge/download/deepmerge-1.5.2.tgz",
      "integrity": "sha1-EEmdhohEza1P7ghC34x/bwyVp1M="
    },
    "element-ui": {
      "version": "2.15.6",
      "resolved": "https://registry.npmmirror.com/element-ui/download/element-ui-2.15.6.tgz",
      "integrity": "sha1-yWCa3TWvWmhqS3aF3B11fHXgHfM=",
      "requires": {
        "async-validator": "~1.8.1",
        "babel-helper-vue-jsx-merge-props": "^2.0.0",
        "deepmerge": "^1.2.0",
        "normalize-wheel": "^1.0.1",
        "resize-observer-polyfill": "^1.5.0",
        "throttle-debounce": "^1.0.1"
      }
    },
    "font-awesome": {
      "version": "4.7.0",
      "resolved": "https://registry.npm.taobao.org/font-awesome/download/font-awesome-4.7.0.tgz",
      "integrity": "sha1-j6jPBBGhoxr9B7BtKQK7n8gVoTM="
    },
    "mui-player": {
      "version": "1.6.0",
      "resolved": "https://registry.npmmirror.com/mui-player/download/mui-player-1.6.0.tgz",
      "integrity": "sha512-FAVzmNayqLl8LUNigBPWiNUOaLOIzPw0Z8JzjXkGyHK31IKJLxn3AQl5TYdTP0GjBcFfg7O8LFET1AjmRFXpuA=="
    },
    "mui-player-desktop-plugin": {
      "version": "1.4.1",
      "resolved": "https://registry.npmmirror.com/mui-player-desktop-plugin/download/mui-player-desktop-plugin-1.4.1.tgz",
      "integrity": "sha512-3l0I6MbhJjfBlmisR6hix49Ff4py2D38ecgtJbg6Jmrln4eYqd+wZfh8nGMvX9NUNDxvptyrplNS+4Ic7JpTSQ=="
    },
    "normalize-wheel": {
      "version": "1.0.1",
      "resolved": "https://registry.nlark.com/normalize-wheel/download/normalize-wheel-1.0.1.tgz",
      "integrity": "sha1-rsiGr/2wRQcNhWRH32Ls+GFG7EU="
    },
    "regenerator-runtime": {
      "version": "0.11.1",
      "resolved": "https://registry.nlark.com/regenerator-runtime/download/regenerator-runtime-0.11.1.tgz?cache=0&other_urls=https%3A%2F%2Fregistry.nlark.com%2Fregenerator-runtime%2Fdownload%2Fregenerator-runtime-0.11.1.tgz",
      "integrity": "sha1-vgWtf5v30i4Fb5cmzuUBf78Z4uk="
    },
    "resize-observer-polyfill": {
      "version": "1.5.1",
      "resolved": "https://registry.nlark.com/resize-observer-polyfill/download/resize-observer-polyfill-1.5.1.tgz",
      "integrity": "sha1-DpAg3T0hAkRY1OvSfiPkAmmBBGQ="
    },
    "throttle-debounce": {
      "version": "1.1.0",
      "resolved": "https://registry.nlark.com/throttle-debounce/download/throttle-debounce-1.1.0.tgz",
      "integrity": "sha1-UYU9o3vmihVctugns1FKPEIuic0="
    }
  }
}
